
Microsoft Visual Studio Solution File, Format Version 12.00
# Visual Studio Version 17
VisualStudioVersion = 17.5.33502.453
MinimumVisualStudioVersion = 10.0.40219.1
Project("{FAE04EC0-301F-11D3-BF4B-00C04F79EFBC}") = "Opsavesæt8.1", "Opsavesæt8.1.csproj", "{99049488-DF2E-4D60-8263-8496A5F3C015}"
EndProject
Global
	GlobalSection(SolutionConfigurationPlatforms) = preSolution
		Debug|Any CPU = Debug|Any CPU
		Release|Any CPU = Release|Any CPU
	EndGlobalSection
	GlobalSection(ProjectConfigurationPlatforms) = postSolution
		{99049488-DF2E-4D60-8263-8496A5F3C015}.Debug|Any CPU.ActiveCfg = Debug|Any CPU
		{99049488-DF2E-4D60-8263-8496A5F3C015}.Debug|Any CPU.Build.0 = Debug|Any CPU
		{99049488-DF2E-4D60-8263-8496A5F3C015}.Release|Any CPU.ActiveCfg = Release|Any CPU
		{99049488-DF2E-4D60-8263-8496A5F3C015}.Release|Any CPU.Build.0 = Release|Any CPU
	EndGlobalSection
	GlobalSection(SolutionProperties) = preSolution
		HideSolutionNode = FALSE
	EndGlobalSection
	GlobalSection(ExtensibilityGlobals) = postSolution
		SolutionGuid = {03101A54-9343-45DE-BDB6-FD8DDA166087}
	EndGlobalSection
EndGlobal
