
Microsoft Visual Studio Solution File, Format Version 12.00
# Visual Studio Version 17
VisualStudioVersion = 17.5.33502.453
MinimumVisualStudioVersion = 10.0.40219.1
Project("{FAE04EC0-301F-11D3-BF4B-00C04F79EFBC}") = "Routing", "Routing.csproj", "{20ABDB33-7525-446D-9725-432AAA152C4A}"
EndProject
Global
	GlobalSection(SolutionConfigurationPlatforms) = preSolution
		Debug|Any CPU = Debug|Any CPU
		Release|Any CPU = Release|Any CPU
	EndGlobalSection
	GlobalSection(ProjectConfigurationPlatforms) = postSolution
		{20ABDB33-7525-446D-9725-432AAA152C4A}.Debug|Any CPU.ActiveCfg = Debug|Any CPU
		{20ABDB33-7525-446D-9725-432AAA152C4A}.Debug|Any CPU.Build.0 = Debug|Any CPU
		{20ABDB33-7525-446D-9725-432AAA152C4A}.Release|Any CPU.ActiveCfg = Release|Any CPU
		{20ABDB33-7525-446D-9725-432AAA152C4A}.Release|Any CPU.Build.0 = Release|Any CPU
	EndGlobalSection
	GlobalSection(SolutionProperties) = preSolution
		HideSolutionNode = FALSE
	EndGlobalSection
	GlobalSection(ExtensibilityGlobals) = postSolution
		SolutionGuid = {0997C5EB-4716-48A1-9238-E591309107B1}
	EndGlobalSection
EndGlobal
